{
  "name": "borne-breaker",
  "version": "1.0.0",
  "lockfileVersion": 1,
  "requires": true,
  "dependencies": {
    "axios": {
      "version": "0.19.2",
      "resolved": "http://artifactory.tools.boots.com/artifactory/api/npm/gcp-npm-virtual-repo/axios/-/axios-0.19.2.tgz",
      "integrity": "sha1-PqNsXYgY0NX4qKl6bTa4bNwAyyc=",
      "requires": {
        "follow-redirects": "1.5.10"
      }
    },
    "axios-retry": {
      "version": "3.1.8",
      "resolved": "http://artifactory.tools.boots.com/artifactory/api/npm/gcp-npm-virtual-repo/axios-retry/-/axios-retry-3.1.8.tgz",
      "integrity": "sha1-/8/tdX4fq4y/gy+FBbsOCvR8Ugw=",
      "requires": {
        "is-retry-allowed": "^1.1.0"
      }
    },
    "debug": {
      "version": "3.1.0",
      "resolved": "http://artifactory.tools.boots.com/artifactory/api/npm/gcp-npm-virtual-repo/debug/-/debug-3.1.0.tgz",
      "integrity": "sha1-W7WgZyYotkFJVmuhaBnmFRjGcmE=",
      "requires": {
        "ms": "2.0.0"
      }
    },
    "follow-redirects": {
      "version": "1.5.10",
      "resolved": "http://artifactory.tools.boots.com/artifactory/api/npm/gcp-npm-virtual-repo/follow-redirects/-/follow-redirects-1.5.10.tgz",
      "integrity": "sha1-e3qfmuov3/NnhqlP9kPtB/T/Xio=",
      "requires": {
        "debug": "=3.1.0"
      }
    },
    "http": {
      "version": "0.0.1-security",
      "resolved": "http://artifactory.tools.boots.com/artifactory/api/npm/gcp-npm-virtual-repo/http/-/http-0.0.1-security.tgz",
      "integrity": "sha1-OqwJEp0S3CdHu85BV6/eIK0feZU="
    },
    "https": {
      "version": "1.0.0",
      "resolved": "http://artifactory.tools.boots.com/artifactory/api/npm/gcp-npm-virtual-repo/https/-/https-1.0.0.tgz",
      "integrity": "sha1-PDfHrhqO65ZpBKKtHpdaGUt+06Q="
    },
    "is-retry-allowed": {
      "version": "1.2.0",
      "resolved": "http://artifactory.tools.boots.com/artifactory/api/npm/gcp-npm-virtual-repo/is-retry-allowed/-/is-retry-allowed-1.2.0.tgz",
      "integrity": "sha1-13hIi9CkZmo76KFIK58rqv7eqLQ="
    },
    "ms": {
      "version": "2.0.0",
      "resolved": "http://artifactory.tools.boots.com/artifactory/api/npm/gcp-npm-virtual-repo/ms/-/ms-2.0.0.tgz",
      "integrity": "sha1-VgiurfwAvmwpAd9fmGF4jeDVl8g="
    }
  }
}
